PODS:
  - Masonry (1.1.0)
  - WKCImageEditKit (1.1.3)

DEPENDENCIES:
  - Masonry
  - WKCImageEditKit

SPEC REPOS:
  https://github.com/cocoapods/specs.git:
    - Masonry
    - WKCImageEditKit

SPEC CHECKSUMS:
  Masonry: 678fab65091a9290e40e2832a55e7ab731aad201
  WKCImageEditKit: 3f0cf0b6884de669df64dc1f462047ef39545efa

PODFILE CHECKSUM: fcc0b2fa836b5608c5faccd0115c4a206dfba831

COCOAPODS: 1.7.0.beta.3
